// !$*UTF8*$!
{ archiveVersion = 1; classes = {}; objectVersion = 56; objects = {
F5EA42665DF2B05A69504AEA = { isa = PBXFileReference; lastKnownFileType = sourcecode.swift; path = "Lutelier/Sources/AssistantService.swift"; sourceTree = SOURCE_ROOT; };
18301A63D7F5DC9CEF6497B6 = { isa = PBXBuildFile; fileRef = F5EA42665DF2B05A69504AEA; };
F432C7C2A9FBA7315F062F1E = { isa = PBXFileReference; lastKnownFileType = sourcecode.swift; path = "Lutelier/Sources/CameraService.swift"; sourceTree = SOURCE_ROOT; };
D6549F2FA2E2FFC7A24A0E5E = { isa = PBXBuildFile; fileRef = F432C7C2A9FBA7315F062F1E; };
24CE3297FCE876CCC454233A = { isa = PBXFileReference; lastKnownFileType = sourcecode.swift; path = "Lutelier/Sources/CaptureView.swift"; sourceTree = SOURCE_ROOT; };
13B40C4A2CDD6106DA55166A = { isa = PBXBuildFile; fileRef = 24CE3297FCE876CCC454233A; };
13B9D82E5AE3C9B409AFDBD4 = { isa = PBXFileReference; lastKnownFileType = sourcecode.swift; path = "Lutelier/Sources/DepthService.swift"; sourceTree = SOURCE_ROOT; };
6AED9CDA25CA9096BCD3055D = { isa = PBXBuildFile; fileRef = 13B9D82E5AE3C9B409AFDBD4; };
3B51BE94210772D5AA985E4A = { isa = PBXFileReference; lastKnownFileType = sourcecode.swift; path = "Lutelier/Sources/EditorStore.swift"; sourceTree = SOURCE_ROOT; };
3D38D9F2C157EEFECF2C3B75 = { isa = PBXBuildFile; fileRef = 3B51BE94210772D5AA985E4A; };
715AE25114094100E9EA67EF = { isa = PBXFileReference; lastKnownFileType = sourcecode.swift; path = "Lutelier/Sources/EditorView.swift"; sourceTree = SOURCE_ROOT; };
632AC175E7FB85831B38E6B0 = { isa = PBXBuildFile; fileRef = 715AE25114094100E9EA67EF; };
0B44C5B1F5242E9A974C0847 = { isa = PBXFileReference; lastKnownFileType = sourcecode.swift; path = "Lutelier/Sources/GlassStrengthSlider.swift"; sourceTree = SOURCE_ROOT; };
47817B208F7DF82F15D661BA = { isa = PBXBuildFile; fileRef = 0B44C5B1F5242E9A974C0847; };
B1C7FBD600FADCCD0E2CBF08 = { isa = PBXFileReference; lastKnownFileType = sourcecode.swift; path = "Lutelier/Sources/LocalDepthModel.swift"; sourceTree = SOURCE_ROOT; };
BEE8098BBA4810507E6309B0 = { isa = PBXBuildFile; fileRef = B1C7FBD600FADCCD0E2CBF08; };
4C6740B961380AC2C2029EFB = { isa = PBXFileReference; lastKnownFileType = sourcecode.swift; path = "Lutelier/Sources/LutelierApp.swift"; sourceTree = SOURCE_ROOT; };
897FF5AEFED2CFEC186194F9 = { isa = PBXBuildFile; fileRef = 4C6740B961380AC2C2029EFB; };
8BF4A28E43F6CF370D3EE1C2 = { isa = PBXFileReference; lastKnownFileType = sourcecode.swift; path = "Lutelier/Sources/Models.swift"; sourceTree = SOURCE_ROOT; };
E22D430D1ABEAD104B65960F = { isa = PBXBuildFile; fileRef = 8BF4A28E43F6CF370D3EE1C2; };
E4E8FDFF5EAE29697FDA1405 = { isa = PBXFileReference; lastKnownFileType = sourcecode.swift; path = "Lutelier/Sources/PhotoCanvas.swift"; sourceTree = SOURCE_ROOT; };
94021252AACBC8DF5069B5D9 = { isa = PBXBuildFile; fileRef = E4E8FDFF5EAE29697FDA1405; };
6A38C7D4B4EA2AA098CD149E = { isa = PBXFileReference; lastKnownFileType = sourcecode.swift; path = "Lutelier/Sources/RenderEngine.swift"; sourceTree = SOURCE_ROOT; };
E32E31383B0F4A7E79BF4D89 = { isa = PBXBuildFile; fileRef = 6A38C7D4B4EA2AA098CD149E; };
51683B029A22F3BE1D3A7131 = { isa = PBXFileReference; lastKnownFileType = sourcecode.swift; path = "Lutelier/Sources/ResearchDepthClient.swift"; sourceTree = SOURCE_ROOT; };
0168A9BA0955B9F0058ECCD1 = { isa = PBXBuildFile; fileRef = 51683B029A22F3BE1D3A7131; };
CAD0594D7CAB4F11DC11E0B1 = { isa = PBXFileReference; lastKnownFileType = sourcecode.swift; path = "Lutelier/Sources/StudioStore.swift"; sourceTree = SOURCE_ROOT; };
70DE0639E7A4B0AECC7794F2 = { isa = PBXBuildFile; fileRef = CAD0594D7CAB4F11DC11E0B1; };
53D0C28489AEAC02B2251449 = { isa = PBXFileReference; lastKnownFileType = sourcecode.swift; path = "Lutelier/Sources/StudioView.swift"; sourceTree = SOURCE_ROOT; };
EFDE3FE750E8B3C1C15D7FB4 = { isa = PBXBuildFile; fileRef = 53D0C28489AEAC02B2251449; };
E05FCB614AB36FDEE72EE1F2 = { isa = PBXFileReference; lastKnownFileType = sourcecode.swift; path = LutelierTests/RenderTests.swift; sourceTree = SOURCE_ROOT; };
80FAC02A0BD5812E2A00F339 = { isa = PBXBuildFile; fileRef = E05FCB614AB36FDEE72EE1F2; };
CD941CC66CA0E6E25045C384 = { isa = PBXFileReference; lastKnownFileType = folder; path = "Lutelier/Resources/Looks"; sourceTree = SOURCE_ROOT; };
2EDB9F994070FA138D87AF06 = { isa = PBXBuildFile; fileRef = CD941CC66CA0E6E25045C384; };
5B23BD71B38CD85F466BBB9D = { isa = PBXFileReference; lastKnownFileType = folder; path = "Lutelier/Resources/Studio"; sourceTree = SOURCE_ROOT; };
2FC3EA38E333C9BD3F899D76 = { isa = PBXBuildFile; fileRef = 5B23BD71B38CD85F466BBB9D; };
F3798F81C7B6FECAD2CBFEC7 = { isa = PBXFileReference; lastKnownFileType = folder; path = "Lutelier/Resources/Models"; sourceTree = SOURCE_ROOT; };
56E70A0DE6C5FEFBEC833215 = { isa = PBXBuildFile; fileRef = F3798F81C7B6FECAD2CBFEC7; };
20E338624CEE29D0EFFEAD85 = { isa = PBXFileReference; lastKnownFileType = folder.assetcatalog; path = "Lutelier/Assets.xcassets"; sourceTree = SOURCE_ROOT; };
ABC9466749BF2BA8FAD104EF = { isa = PBXBuildFile; fileRef = 20E338624CEE29D0EFFEAD85; };
E6FC57C251E9E1BEC1D3C0D2 = { isa = PBXFileReference; explicitFileType = wrapper.application; path = Lutelier.app; sourceTree = BUILT_PRODUCTS_DIR; };
B7480EC88B7F22D0A4757273 = { isa = PBXFileReference; explicitFileType = wrapper.cfbundle; path = LutelierTests.xctest; sourceTree = BUILT_PRODUCTS_DIR; };
FBDC4F23F93125BBEEAE800C = { isa = PBXGroup; children = (E6FC57C251E9E1BEC1D3C0D2,B7480EC88B7F22D0A4757273,); name = Products; sourceTree = "<group>"; };
B28B7AF69320201D1CF206EB = { isa = PBXGroup; children = (F5EA42665DF2B05A69504AEA,F432C7C2A9FBA7315F062F1E,24CE3297FCE876CCC454233A,13B9D82E5AE3C9B409AFDBD4,3B51BE94210772D5AA985E4A,715AE25114094100E9EA67EF,0B44C5B1F5242E9A974C0847,B1C7FBD600FADCCD0E2CBF08,4C6740B961380AC2C2029EFB,8BF4A28E43F6CF370D3EE1C2,E4E8FDFF5EAE29697FDA1405,6A38C7D4B4EA2AA098CD149E,51683B029A22F3BE1D3A7131,CAD0594D7CAB4F11DC11E0B1,53D0C28489AEAC02B2251449,CD941CC66CA0E6E25045C384,5B23BD71B38CD85F466BBB9D,F3798F81C7B6FECAD2CBFEC7,20E338624CEE29D0EFFEAD85,E05FCB614AB36FDEE72EE1F2,FBDC4F23F93125BBEEAE800C,); sourceTree = "<group>"; };
BCE16DD0260827ECF338C787 = { isa = PBXSourcesBuildPhase; buildActionMask = 2147483647; files = (18301A63D7F5DC9CEF6497B6,D6549F2FA2E2FFC7A24A0E5E,13B40C4A2CDD6106DA55166A,6AED9CDA25CA9096BCD3055D,3D38D9F2C157EEFECF2C3B75,632AC175E7FB85831B38E6B0,47817B208F7DF82F15D661BA,BEE8098BBA4810507E6309B0,897FF5AEFED2CFEC186194F9,E22D430D1ABEAD104B65960F,94021252AACBC8DF5069B5D9,E32E31383B0F4A7E79BF4D89,0168A9BA0955B9F0058ECCD1,70DE0639E7A4B0AECC7794F2,EFDE3FE750E8B3C1C15D7FB4,); runOnlyForDeploymentPostprocessing = 0; };
0189424A5A60FED329FA868E = { isa = PBXResourcesBuildPhase; buildActionMask = 2147483647; files = (2EDB9F994070FA138D87AF06,2FC3EA38E333C9BD3F899D76,56E70A0DE6C5FEFBEC833215,ABC9466749BF2BA8FAD104EF,); runOnlyForDeploymentPostprocessing = 0; };
7561BFB015D8F536760CB671 = { isa = PBXFrameworksBuildPhase; buildActionMask = 2147483647; files = (); runOnlyForDeploymentPostprocessing = 0; };
9F3002A5D69B22D357A58AA9 = { isa = PBXSourcesBuildPhase; buildActionMask = 2147483647; files = (80FAC02A0BD5812E2A00F339,); runOnlyForDeploymentPostprocessing = 0; };
89E1FD6268CC0F221A2BE178 = { isa = XCBuildConfiguration; name = Debug; buildSettings = { SDKROOT = iphoneos; IPHONEOS_DEPLOYMENT_TARGET = 27.0; SWIFT_VERSION = 5.0; CLANG_ENABLE_MODULES = YES; SWIFT_OPTIMIZATION_LEVEL = "-Onone"; DEBUG_INFORMATION_FORMAT = "dwarf"; ENABLE_TESTABILITY = YES; }; };
E9B2E96ABC5F6856F2BE79CF = { isa = XCBuildConfiguration; name = Debug; buildSettings = { PRODUCT_NAME = Lutelier; PRODUCT_BUNDLE_IDENTIFIER = com.saeedsafikhani.lutelier; INFOPLIST_FILE = Lutelier/Info.plist; GENERATE_INFOPLIST_FILE = NO; ASSETCATALOG_COMPILER_APPICON_NAME = AppIcon; CODE_SIGN_STYLE = Automatic; TARGETED_DEVICE_FAMILY = 1; SUPPORTED_PLATFORMS = "iphoneos iphonesimulator"; SUPPORTS_MACCATALYST = NO; ENABLE_PREVIEWS = YES; SWIFT_EMIT_LOC_STRINGS = YES; }; };
FCB48D8F88BCDB0ED9FADFD7 = { isa = XCBuildConfiguration; name = Debug; buildSettings = { PRODUCT_NAME = LutelierTests; PRODUCT_BUNDLE_IDENTIFIER = com.saeedsafikhani.lutelier.tests; GENERATE_INFOPLIST_FILE = YES; TEST_HOST = "$(BUILT_PRODUCTS_DIR)/Lutelier.app/$(BUNDLE_EXECUTABLE_FOLDER_PATH)/Lutelier"; BUNDLE_LOADER = "$(TEST_HOST)"; TARGETED_DEVICE_FAMILY = 1; CODE_SIGN_STYLE = Automatic; }; };
E6DE6C99132752C914FEF632 = { isa = XCBuildConfiguration; name = Release; buildSettings = { SDKROOT = iphoneos; IPHONEOS_DEPLOYMENT_TARGET = 27.0; SWIFT_VERSION = 5.0; CLANG_ENABLE_MODULES = YES; SWIFT_OPTIMIZATION_LEVEL = "-O"; DEBUG_INFORMATION_FORMAT = "dwarf-with-dsym"; ENABLE_TESTABILITY = NO; }; };
5A8C91857F674E16E2724F47 = { isa = XCBuildConfiguration; name = Release; buildSettings = { PRODUCT_NAME = Lutelier; PRODUCT_BUNDLE_IDENTIFIER = com.saeedsafikhani.lutelier; INFOPLIST_FILE = Lutelier/Info.plist; GENERATE_INFOPLIST_FILE = NO; ASSETCATALOG_COMPILER_APPICON_NAME = AppIcon; CODE_SIGN_STYLE = Automatic; TARGETED_DEVICE_FAMILY = 1; SUPPORTED_PLATFORMS = "iphoneos iphonesimulator"; SUPPORTS_MACCATALYST = NO; ENABLE_PREVIEWS = YES; SWIFT_EMIT_LOC_STRINGS = YES; }; };
942EEBBACD6C88CAE7F29B29 = { isa = XCBuildConfiguration; name = Release; buildSettings = { PRODUCT_NAME = LutelierTests; PRODUCT_BUNDLE_IDENTIFIER = com.saeedsafikhani.lutelier.tests; GENERATE_INFOPLIST_FILE = YES; TEST_HOST = "$(BUILT_PRODUCTS_DIR)/Lutelier.app/$(BUNDLE_EXECUTABLE_FOLDER_PATH)/Lutelier"; BUNDLE_LOADER = "$(TEST_HOST)"; TARGETED_DEVICE_FAMILY = 1; CODE_SIGN_STYLE = Automatic; }; };
862894B703A6DEDF96A9DD6C = { isa = XCConfigurationList; buildConfigurations = (89E1FD6268CC0F221A2BE178,E6DE6C99132752C914FEF632,); defaultConfigurationIsVisible = 0; defaultConfigurationName = Release; };
F37922C48DA5978D02C9E50E = { isa = XCConfigurationList; buildConfigurations = (E9B2E96ABC5F6856F2BE79CF,5A8C91857F674E16E2724F47,); defaultConfigurationIsVisible = 0; defaultConfigurationName = Release; };
BECB265224D91761C05FDA33 = { isa = XCConfigurationList; buildConfigurations = (FCB48D8F88BCDB0ED9FADFD7,942EEBBACD6C88CAE7F29B29,); defaultConfigurationIsVisible = 0; defaultConfigurationName = Release; };
0E8A3AD980EC179856012B7E = { isa = PBXNativeTarget; buildConfigurationList = F37922C48DA5978D02C9E50E; buildPhases = (BCE16DD0260827ECF338C787,7561BFB015D8F536760CB671,0189424A5A60FED329FA868E,); buildRules = (); dependencies = (); name = Lutelier; productName = Lutelier; productReference = E6FC57C251E9E1BEC1D3C0D2; productType = "com.apple.product-type.application"; };
D799BAE6088A90139B415FCC = { isa = PBXContainerItemProxy; containerPortal = 98F54143AB4E86B28C3AFEE0; proxyType = 1; remoteGlobalIDString = 0E8A3AD980EC179856012B7E; remoteInfo = Lutelier; };
DE58E2B17C19600779694943 = { isa = PBXTargetDependency; target = 0E8A3AD980EC179856012B7E; targetProxy = D799BAE6088A90139B415FCC; };
0A06C5E2DA34E686D888A695 = { isa = PBXNativeTarget; buildConfigurationList = BECB265224D91761C05FDA33; buildPhases = (9F3002A5D69B22D357A58AA9,); buildRules = (); dependencies = (DE58E2B17C19600779694943,); name = LutelierTests; productName = LutelierTests; productReference = B7480EC88B7F22D0A4757273; productType = "com.apple.product-type.bundle.unit-test"; };
98F54143AB4E86B28C3AFEE0 = { isa = PBXProject; attributes = { LastUpgradeCheck = 2600; TargetAttributes = { 0E8A3AD980EC179856012B7E = {CreatedOnToolsVersion = 26.0;}; 0A06C5E2DA34E686D888A695 = {TestTargetID = 0E8A3AD980EC179856012B7E;}; }; }; buildConfigurationList = 862894B703A6DEDF96A9DD6C; compatibilityVersion = "Xcode 14.0"; developmentRegion = en; hasScannedForEncodings = 0; knownRegions = (en,Base); mainGroup = B28B7AF69320201D1CF206EB; productRefGroup = FBDC4F23F93125BBEEAE800C; projectDirPath = ""; projectRoot = ""; targets = (0E8A3AD980EC179856012B7E,0A06C5E2DA34E686D888A695,); };
}; rootObject = 98F54143AB4E86B28C3AFEE0; }
